<Solution>
  <Folder Name="/Samples/">
    <Project Path="samples/Aitive.Framework.Samples.MultiTenantWeb/Aitive.Framework.Samples.MultiTenantWeb.csproj" />
    <Project Path="samples/Aitive.Framework.Samples.PluginWeb.Plugin01/Aitive.Framework.Samples.PluginWeb.Plugin01.csproj" />
    <Project Path="samples/Aitive.Framework.Samples.PluginWeb/Aitive.Framework.Samples.PluginWeb.csproj" />
  </Folder>
  <Folder Name="/Solution/">
    <File Path=".editorconfig" />
    <File Path=".gitignore" />
    <File Path="Directory.Build.props" />
    <File Path="Directory.Packages.props" />
    <File Path="global.json" />
    <File Path="LICENSE.md" />
    <File Path="README.md" />
    <File Path="version.json" />
  </Folder>
  <Folder Name="/Tests/">
    <Project Path="src/Aitive.Framework.Slang.Tests/Aitive.Framework.Slang.Tests.csproj" />
  </Folder>
  <Project Path="src/Aitive.Framework.Application/Aitive.Framework.Application.csproj" />
  <Project Path="src/Aitive.Framework.AspNetCore/Aitive.Framework.AspNetCore.csproj" />
  <Project Path="src/Aitive.Framework.Autofac/Aitive.Framework.Autofac.csproj" />
  <Project Path="src/Aitive.Framework.Configuration/Aitive.Framework.Configuration.csproj" />
  <Project Path="src/Aitive.Framework.Cryptography/Aitive.Framework.Cryptography.csproj" />
  <Project Path="src/Aitive.Framework.Data/Aitive.Framework.Data.csproj" />
  <Project Path="src/Aitive.Framework.DependencyInjection/Aitive.Framework.DependencyInjection.csproj" />
  <Project Path="src/Aitive.Framework.EntityFrameworkCore/Aitive.Framework.EntityFrameworkCore.csproj" />
  <Project Path="src/Aitive.Framework.Interop/Aitive.Framework.Interop.csproj" />
  <Project Path="src/Aitive.Framework.Json/Aitive.Framework.Json.csproj" />
  <Project Path="src/Aitive.Framework.Marten/Aitive.Framework.Marten.csproj" />
  <Project Path="src/Aitive.Framework.Orleans/Aitive.Framework.Orleans.csproj" />
  <Project Path="src/Aitive.Framework.Plugins/Aitive.Framework.Plugins.csproj" />
  <Project Path="src/Aitive.Framework.Serilog/Aitive.Framework.Serilog.csproj" />
  <Project Path="src/Aitive.Framework.Slang/Aitive.Framework.Slang.csproj" />
  <Project Path="src/Aitive.Framework.SourceGenerators/Aitive.Framework.SourceGenerators.csproj" />
  <Project Path="src/Aitive.Framework.Tenancy/Aitive.Framework.Tenancy.csproj" />
  <Project Path="src/Aitive.Framework.Vcs/Aitive.Framework.Vcs.csproj" />
  <Project Path="src/Aitive.Framework.Versioning/Aitive.Framework.Versioning.csproj" />
  <Project Path="src/Aitive.Framework.YesSql/Aitive.Framework.YesSql.csproj" />
  <Project Path="src/Aitive.Framework/Aitive.Framework.csproj" />
</Solution>
