<Solution>
  <Folder Name="/Solution/">
    <File Path=".editorconfig" />
    <File Path=".gitignore" />
    <File Path="Directory.Build.props" />
    <File Path="Directory.Packages.props" />
    <File Path="global.json" />
    <File Path="LICENSE.md" />
    <File Path="README.md" />
    <File Path="version.json" />
  </Folder>
</Solution>
